
Microsoft Visual Studio Solution File, Format Version 12.00
# Visual Studio 2013
VisualStudioVersion = 12.0.40629.0
MinimumVisualStudioVersion = 10.0.40219.1
Project("{2150E333-8FDC-42A3-9474-1A3956D46DE8}") = ".nuget", ".nuget", "{E7C2030A-AF9E-41B2-BD5C-39D8F70A09A7}"
EndProject
Project("{FAE04EC0-301F-11D3-BF4B-00C04F79EFBC}") = "Myra.FNA", "Myra\Myra.FNA.csproj", "{ED895FF9-2DF5-4109-8204-A687EAAF193A}"
EndProject
Project("{FAE04EC0-301F-11D3-BF4B-00C04F79EFBC}") = "Myra.Samples.FNA", "Myra.Samples\Myra.Samples.FNA.csproj", "{F897E015-14EA-4FA6-B127-263E73827996}"
EndProject
Project("{FAE04EC0-301F-11D3-BF4B-00C04F79EFBC}") = "Myra.Samples.FNALauncher", "Myra.Samples.FNALauncher\Myra.Samples.FNALauncher.csproj", "{3BFB3637-16BA-44D3-B431-40B31128433C}"
EndProject
Project("{FAE04EC0-301F-11D3-BF4B-00C04F79EFBC}") = "Myra.Samples.WinForms", "Myra.Samples.WinForms\Myra.Samples.WinForms.csproj", "{B8FD2926-1544-4870-A5D4-3B5F5FFB370E}"
EndProject
Global
	GlobalSection(SolutionConfigurationPlatforms) = preSolution
		Debug Package|Any CPU = Debug Package|Any CPU
		Debug Package|Mixed Platforms = Debug Package|Mixed Platforms
		Debug Package|x86 = Debug Package|x86
		Debug|Any CPU = Debug|Any CPU
		Debug|Mixed Platforms = Debug|Mixed Platforms
		Debug|x86 = Debug|x86
		Release Package|Any CPU = Release Package|Any CPU
		Release Package|Mixed Platforms = Release Package|Mixed Platforms
		Release Package|x86 = Release Package|x86
		Release|Any CPU = Release|Any CPU
		Release|Mixed Platforms = Release|Mixed Platforms
		Release|x86 = Release|x86
	EndGlobalSection
	GlobalSection(ProjectConfigurationPlatforms) = postSolution
		{ED895FF9-2DF5-4109-8204-A687EAAF193A}.Debug Package|Any CPU.ActiveCfg = Debug|Any CPU
		{ED895FF9-2DF5-4109-8204-A687EAAF193A}.Debug Package|Any CPU.Build.0 = Debug|Any CPU
		{ED895FF9-2DF5-4109-8204-A687EAAF193A}.Debug Package|Mixed Platforms.ActiveCfg = Debug|Any CPU
		{ED895FF9-2DF5-4109-8204-A687EAAF193A}.Debug Package|Mixed Platforms.Build.0 = Debug|Any CPU
		{ED895FF9-2DF5-4109-8204-A687EAAF193A}.Debug Package|x86.ActiveCfg = Debug|Any CPU
		{ED895FF9-2DF5-4109-8204-A687EAAF193A}.Debug|Any CPU.ActiveCfg = Debug|Any CPU
		{ED895FF9-2DF5-4109-8204-A687EAAF193A}.Debug|Any CPU.Build.0 = Debug|Any CPU
		{ED895FF9-2DF5-4109-8204-A687EAAF193A}.Debug|Mixed Platforms.ActiveCfg = Debug|Any CPU
		{ED895FF9-2DF5-4109-8204-A687EAAF193A}.Debug|Mixed Platforms.Build.0 = Debug|Any CPU
		{ED895FF9-2DF5-4109-8204-A687EAAF193A}.Debug|x86.ActiveCfg = Debug|Any CPU
		{ED895FF9-2DF5-4109-8204-A687EAAF193A}.Release Package|Any CPU.ActiveCfg = Release|Any CPU
		{ED895FF9-2DF5-4109-8204-A687EAAF193A}.Release Package|Any CPU.Build.0 = Release|Any CPU
		{ED895FF9-2DF5-4109-8204-A687EAAF193A}.Release Package|Mixed Platforms.ActiveCfg = Release|Any CPU
		{ED895FF9-2DF5-4109-8204-A687EAAF193A}.Release Package|Mixed Platforms.Build.0 = Release|Any CPU
		{ED895FF9-2DF5-4109-8204-A687EAAF193A}.Release Package|x86.ActiveCfg = Release|Any CPU
		{ED895FF9-2DF5-4109-8204-A687EAAF193A}.Release|Any CPU.ActiveCfg = Release|Any CPU
		{ED895FF9-2DF5-4109-8204-A687EAAF193A}.Release|Any CPU.Build.0 = Release|Any CPU
		{ED895FF9-2DF5-4109-8204-A687EAAF193A}.Release|Mixed Platforms.ActiveCfg = Release|Any CPU
		{ED895FF9-2DF5-4109-8204-A687EAAF193A}.Release|Mixed Platforms.Build.0 = Release|Any CPU
		{ED895FF9-2DF5-4109-8204-A687EAAF193A}.Release|x86.ActiveCfg = Release|Any CPU
		{F897E015-14EA-4FA6-B127-263E73827996}.Debug Package|Any CPU.ActiveCfg = Debug|Any CPU
		{F897E015-14EA-4FA6-B127-263E73827996}.Debug Package|Any CPU.Build.0 = Debug|Any CPU
		{F897E015-14EA-4FA6-B127-263E73827996}.Debug Package|Mixed Platforms.ActiveCfg = Debug|Any CPU
		{F897E015-14EA-4FA6-B127-263E73827996}.Debug Package|Mixed Platforms.Build.0 = Debug|Any CPU
		{F897E015-14EA-4FA6-B127-263E73827996}.Debug Package|x86.ActiveCfg = Debug|Any CPU
		{F897E015-14EA-4FA6-B127-263E73827996}.Debug|Any CPU.ActiveCfg = Debug|Any CPU
		{F897E015-14EA-4FA6-B127-263E73827996}.Debug|Any CPU.Build.0 = Debug|Any CPU
		{F897E015-14EA-4FA6-B127-263E73827996}.Debug|Mixed Platforms.ActiveCfg = Debug|Any CPU
		{F897E015-14EA-4FA6-B127-263E73827996}.Debug|Mixed Platforms.Build.0 = Debug|Any CPU
		{F897E015-14EA-4FA6-B127-263E73827996}.Debug|x86.ActiveCfg = Debug|Any CPU
		{F897E015-14EA-4FA6-B127-263E73827996}.Release Package|Any CPU.ActiveCfg = Release|Any CPU
		{F897E015-14EA-4FA6-B127-263E73827996}.Release Package|Any CPU.Build.0 = Release|Any CPU
		{F897E015-14EA-4FA6-B127-263E73827996}.Release Package|Mixed Platforms.ActiveCfg = Release|Any CPU
		{F897E015-14EA-4FA6-B127-263E73827996}.Release Package|Mixed Platforms.Build.0 = Release|Any CPU
		{F897E015-14EA-4FA6-B127-263E73827996}.Release Package|x86.ActiveCfg = Release|Any CPU
		{F897E015-14EA-4FA6-B127-263E73827996}.Release|Any CPU.ActiveCfg = Release|Any CPU
		{F897E015-14EA-4FA6-B127-263E73827996}.Release|Any CPU.Build.0 = Release|Any CPU
		{F897E015-14EA-4FA6-B127-263E73827996}.Release|Mixed Platforms.ActiveCfg = Release|Any CPU
		{F897E015-14EA-4FA6-B127-263E73827996}.Release|Mixed Platforms.Build.0 = Release|Any CPU
		{F897E015-14EA-4FA6-B127-263E73827996}.Release|x86.ActiveCfg = Release|Any CPU
		{3BFB3637-16BA-44D3-B431-40B31128433C}.Debug Package|Any CPU.ActiveCfg = Debug|Any CPU
		{3BFB3637-16BA-44D3-B431-40B31128433C}.Debug Package|Any CPU.Build.0 = Debug|Any CPU
		{3BFB3637-16BA-44D3-B431-40B31128433C}.Debug Package|Mixed Platforms.ActiveCfg = Debug|Any CPU
		{3BFB3637-16BA-44D3-B431-40B31128433C}.Debug Package|Mixed Platforms.Build.0 = Debug|Any CPU
		{3BFB3637-16BA-44D3-B431-40B31128433C}.Debug Package|x86.ActiveCfg = Debug|Any CPU
		{3BFB3637-16BA-44D3-B431-40B31128433C}.Debug|Any CPU.ActiveCfg = Debug|Any CPU
		{3BFB3637-16BA-44D3-B431-40B31128433C}.Debug|Any CPU.Build.0 = Debug|Any CPU
		{3BFB3637-16BA-44D3-B431-40B31128433C}.Debug|Mixed Platforms.ActiveCfg = Debug|Any CPU
		{3BFB3637-16BA-44D3-B431-40B31128433C}.Debug|Mixed Platforms.Build.0 = Debug|Any CPU
		{3BFB3637-16BA-44D3-B431-40B31128433C}.Debug|x86.ActiveCfg = Debug|Any CPU
		{3BFB3637-16BA-44D3-B431-40B31128433C}.Release Package|Any CPU.ActiveCfg = Release|Any CPU
		{3BFB3637-16BA-44D3-B431-40B31128433C}.Release Package|Any CPU.Build.0 = Release|Any CPU
		{3BFB3637-16BA-44D3-B431-40B31128433C}.Release Package|Mixed Platforms.ActiveCfg = Release|Any CPU
		{3BFB3637-16BA-44D3-B431-40B31128433C}.Release Package|Mixed Platforms.Build.0 = Release|Any CPU
		{3BFB3637-16BA-44D3-B431-40B31128433C}.Release Package|x86.ActiveCfg = Release|Any CPU
		{3BFB3637-16BA-44D3-B431-40B31128433C}.Release|Any CPU.ActiveCfg = Release|Any CPU
		{3BFB3637-16BA-44D3-B431-40B31128433C}.Release|Any CPU.Build.0 = Release|Any CPU
		{3BFB3637-16BA-44D3-B431-40B31128433C}.Release|Mixed Platforms.ActiveCfg = Release|Any CPU
		{3BFB3637-16BA-44D3-B431-40B31128433C}.Release|Mixed Platforms.Build.0 = Release|Any CPU
		{3BFB3637-16BA-44D3-B431-40B31128433C}.Release|x86.ActiveCfg = Release|Any CPU
		{B8FD2926-1544-4870-A5D4-3B5F5FFB370E}.Debug Package|Any CPU.ActiveCfg = Debug|Any CPU
		{B8FD2926-1544-4870-A5D4-3B5F5FFB370E}.Debug Package|Any CPU.Build.0 = Debug|Any CPU
		{B8FD2926-1544-4870-A5D4-3B5F5FFB370E}.Debug Package|Mixed Platforms.ActiveCfg = Debug|Any CPU
		{B8FD2926-1544-4870-A5D4-3B5F5FFB370E}.Debug Package|Mixed Platforms.Build.0 = Debug|Any CPU
		{B8FD2926-1544-4870-A5D4-3B5F5FFB370E}.Debug Package|x86.ActiveCfg = Debug|Any CPU
		{B8FD2926-1544-4870-A5D4-3B5F5FFB370E}.Debug|Any CPU.ActiveCfg = Debug|Any CPU
		{B8FD2926-1544-4870-A5D4-3B5F5FFB370E}.Debug|Any CPU.Build.0 = Debug|Any CPU
		{B8FD2926-1544-4870-A5D4-3B5F5FFB370E}.Debug|Mixed Platforms.ActiveCfg = Debug|Any CPU
		{B8FD2926-1544-4870-A5D4-3B5F5FFB370E}.Debug|Mixed Platforms.Build.0 = Debug|Any CPU
		{B8FD2926-1544-4870-A5D4-3B5F5FFB370E}.Debug|x86.ActiveCfg = Debug|Any CPU
		{B8FD2926-1544-4870-A5D4-3B5F5FFB370E}.Release Package|Any CPU.ActiveCfg = Release|Any CPU
		{B8FD2926-1544-4870-A5D4-3B5F5FFB370E}.Release Package|Any CPU.Build.0 = Release|Any CPU
		{B8FD2926-1544-4870-A5D4-3B5F5FFB370E}.Release Package|Mixed Platforms.ActiveCfg = Release|Any CPU
		{B8FD2926-1544-4870-A5D4-3B5F5FFB370E}.Release Package|Mixed Platforms.Build.0 = Release|Any CPU
		{B8FD2926-1544-4870-A5D4-3B5F5FFB370E}.Release Package|x86.ActiveCfg = Release|Any CPU
		{B8FD2926-1544-4870-A5D4-3B5F5FFB370E}.Release|Any CPU.ActiveCfg = Release|Any CPU
		{B8FD2926-1544-4870-A5D4-3B5F5FFB370E}.Release|Any CPU.Build.0 = Release|Any CPU
		{B8FD2926-1544-4870-A5D4-3B5F5FFB370E}.Release|Mixed Platforms.ActiveCfg = Release|Any CPU
		{B8FD2926-1544-4870-A5D4-3B5F5FFB370E}.Release|Mixed Platforms.Build.0 = Release|Any CPU
		{B8FD2926-1544-4870-A5D4-3B5F5FFB370E}.Release|x86.ActiveCfg = Release|Any CPU
	EndGlobalSection
	GlobalSection(SolutionProperties) = preSolution
		HideSolutionNode = FALSE
	EndGlobalSection
EndGlobal
