
Microsoft Visual Studio Solution File, Format Version 12.00
# Visual Studio 2013
VisualStudioVersion = 12.0.40629.0
MinimumVisualStudioVersion = 10.0.40219.1
Project("{FAE04EC0-301F-11D3-BF4B-00C04F79EFBC}") = "Myra", "Myra\Myra.csproj", "{4DCBB001-9C79-4F6B-996D-D654062D93E0}"
EndProject
Project("{2150E333-8FDC-42A3-9474-1A3956D46DE8}") = ".nuget", ".nuget", "{E7C2030A-AF9E-41B2-BD5C-39D8F70A09A7}"
EndProject
Project("{FAE04EC0-301F-11D3-BF4B-00C04F79EFBC}") = "Myra.Samples", "Myra.Samples\Myra.Samples.csproj", "{F897E015-14EA-4FA6-B127-263E73827996}"
EndProject
Project("{FAE04EC0-301F-11D3-BF4B-00C04F79EFBC}") = "Myra.Samples.DesktopGLLauncher", "Myra.Samples.DesktopGLLauncher\Myra.Samples.DesktopGLLauncher.csproj", "{27E7CA89-5B70-4554-9626-0A0A80A89F7F}"
EndProject
Project("{FAE04EC0-301F-11D3-BF4B-00C04F79EFBC}") = "Myra.Samples.WindowsDXLauncher", "Myra.Samples.WindowsDXLauncher\Myra.Samples.WindowsDXLauncher.csproj", "{3A1E3F11-15BA-4E98-8706-BAE0A676A514}"
EndProject
Project("{FAE04EC0-301F-11D3-BF4B-00C04F79EFBC}") = "Myra.Editor", "Myra.Editor\Myra.Editor.csproj", "{F18BD428-25F7-4183-BEB7-7C96F21AE2D1}"
EndProject
Project("{FAE04EC0-301F-11D3-BF4B-00C04F79EFBC}") = "Myra.UIEditor", "Myra.UIEditor\Myra.UIEditor.csproj", "{3B7E30AA-A659-4A13-9223-B9E0442E5B55}"
EndProject
Project("{930C7802-8A8C-48F9-8165-68863BCCD9DD}") = "Myra.Installer", "Myra.Installer\Myra.Installer.wixproj", "{09194E77-3606-42DD-972A-0A88B93340C8}"
	ProjectSection(ProjectDependencies) = postProject
		{3A1E3F11-15BA-4E98-8706-BAE0A676A514} = {3A1E3F11-15BA-4E98-8706-BAE0A676A514}
		{841F4244-A069-438A-ABE1-F7D93E269CDB} = {841F4244-A069-438A-ABE1-F7D93E269CDB}
		{27E7CA89-5B70-4554-9626-0A0A80A89F7F} = {27E7CA89-5B70-4554-9626-0A0A80A89F7F}
		{3B7E30AA-A659-4A13-9223-B9E0442E5B55} = {3B7E30AA-A659-4A13-9223-B9E0442E5B55}
		{74E297C2-1081-4C9A-9311-EAAF4746A413} = {74E297C2-1081-4C9A-9311-EAAF4746A413}
		{DB171BE4-D9C3-45F1-8108-84992EF8391F} = {DB171BE4-D9C3-45F1-8108-84992EF8391F}
	EndProjectSection
EndProject
Project("{FAE04EC0-301F-11D3-BF4B-00C04F79EFBC}") = "Myra.UIEditor.Plugin.YellowMenuButtons", "Myra.UIEditor.Plugin.YellowMenuButtons\Myra.UIEditor.Plugin.YellowMenuButtons.csproj", "{74E297C2-1081-4C9A-9311-EAAF4746A413}"
EndProject
Project("{FAE04EC0-301F-11D3-BF4B-00C04F79EFBC}") = "Myra.UIEditor.Plugin.LibGDX", "Myra.UIEditor.Plugin.LibGDX\Myra.UIEditor.Plugin.LibGDX.csproj", "{DB171BE4-D9C3-45F1-8108-84992EF8391F}"
EndProject
Project("{FAE04EC0-301F-11D3-BF4B-00C04F79EFBC}") = "Myra.Content.Pipeline", "Myra.Content.Pipeline\Myra.Content.Pipeline.csproj", "{841F4244-A069-438A-ABE1-F7D93E269CDB}"
EndProject
Project("{FAE04EC0-301F-11D3-BF4B-00C04F79EFBC}") = "Myra.Graphics3D", "Myra.Graphics3D\Myra.Graphics3D.csproj", "{F2EFEF7D-80F3-4FE5-97BE-9BF702DCB5E2}"
EndProject
Project("{FAE04EC0-301F-11D3-BF4B-00C04F79EFBC}") = "Myra.Samples.Graphics3D", "Myra.Samples.Graphics3D\Myra.Samples.Graphics3D.csproj", "{4DF783E4-5CA5-425A-A5D3-F65CCE432F22}"
EndProject
Project("{FAE04EC0-301F-11D3-BF4B-00C04F79EFBC}") = "Myra.Samples.WinForms", "Myra.Samples.WinForms\Myra.Samples.WinForms.csproj", "{B8FD2926-1544-4870-A5D4-3B5F5FFB370E}"
EndProject
Global
	GlobalSection(SolutionConfigurationPlatforms) = preSolution
		Debug Package|Any CPU = Debug Package|Any CPU
		Debug Package|Mixed Platforms = Debug Package|Mixed Platforms
		Debug Package|x86 = Debug Package|x86
		Debug|Any CPU = Debug|Any CPU
		Debug|Mixed Platforms = Debug|Mixed Platforms
		Debug|x86 = Debug|x86
		Release Package|Any CPU = Release Package|Any CPU
		Release Package|Mixed Platforms = Release Package|Mixed Platforms
		Release Package|x86 = Release Package|x86
		Release|Any CPU = Release|Any CPU
		Release|Mixed Platforms = Release|Mixed Platforms
		Release|x86 = Release|x86
	EndGlobalSection
	GlobalSection(ProjectConfigurationPlatforms) = postSolution
		{4DCBB001-9C79-4F6B-996D-D654062D93E0}.Debug Package|Any CPU.ActiveCfg = Debug|Any CPU
		{4DCBB001-9C79-4F6B-996D-D654062D93E0}.Debug Package|Any CPU.Build.0 = Debug|Any CPU
		{4DCBB001-9C79-4F6B-996D-D654062D93E0}.Debug Package|Mixed Platforms.ActiveCfg = Debug|Any CPU
		{4DCBB001-9C79-4F6B-996D-D654062D93E0}.Debug Package|Mixed Platforms.Build.0 = Debug|Any CPU
		{4DCBB001-9C79-4F6B-996D-D654062D93E0}.Debug Package|x86.ActiveCfg = Debug|Any CPU
		{4DCBB001-9C79-4F6B-996D-D654062D93E0}.Debug|Any CPU.ActiveCfg = Debug|Any CPU
		{4DCBB001-9C79-4F6B-996D-D654062D93E0}.Debug|Any CPU.Build.0 = Debug|Any CPU
		{4DCBB001-9C79-4F6B-996D-D654062D93E0}.Debug|Mixed Platforms.ActiveCfg = Debug|Any CPU
		{4DCBB001-9C79-4F6B-996D-D654062D93E0}.Debug|Mixed Platforms.Build.0 = Debug|Any CPU
		{4DCBB001-9C79-4F6B-996D-D654062D93E0}.Debug|x86.ActiveCfg = Debug|Any CPU
		{4DCBB001-9C79-4F6B-996D-D654062D93E0}.Release Package|Any CPU.ActiveCfg = Release|Any CPU
		{4DCBB001-9C79-4F6B-996D-D654062D93E0}.Release Package|Any CPU.Build.0 = Release|Any CPU
		{4DCBB001-9C79-4F6B-996D-D654062D93E0}.Release Package|Mixed Platforms.ActiveCfg = Release|Any CPU
		{4DCBB001-9C79-4F6B-996D-D654062D93E0}.Release Package|Mixed Platforms.Build.0 = Release|Any CPU
		{4DCBB001-9C79-4F6B-996D-D654062D93E0}.Release Package|x86.ActiveCfg = Release|Any CPU
		{4DCBB001-9C79-4F6B-996D-D654062D93E0}.Release|Any CPU.ActiveCfg = Release|Any CPU
		{4DCBB001-9C79-4F6B-996D-D654062D93E0}.Release|Any CPU.Build.0 = Release|Any CPU
		{4DCBB001-9C79-4F6B-996D-D654062D93E0}.Release|Mixed Platforms.ActiveCfg = Release|Any CPU
		{4DCBB001-9C79-4F6B-996D-D654062D93E0}.Release|Mixed Platforms.Build.0 = Release|Any CPU
		{4DCBB001-9C79-4F6B-996D-D654062D93E0}.Release|x86.ActiveCfg = Release|Any CPU
		{F897E015-14EA-4FA6-B127-263E73827996}.Debug Package|Any CPU.ActiveCfg = Debug|Any CPU
		{F897E015-14EA-4FA6-B127-263E73827996}.Debug Package|Any CPU.Build.0 = Debug|Any CPU
		{F897E015-14EA-4FA6-B127-263E73827996}.Debug Package|Mixed Platforms.ActiveCfg = Debug|Any CPU
		{F897E015-14EA-4FA6-B127-263E73827996}.Debug Package|Mixed Platforms.Build.0 = Debug|Any CPU
		{F897E015-14EA-4FA6-B127-263E73827996}.Debug Package|x86.ActiveCfg = Debug|Any CPU
		{F897E015-14EA-4FA6-B127-263E73827996}.Debug|Any CPU.ActiveCfg = Debug|Any CPU
		{F897E015-14EA-4FA6-B127-263E73827996}.Debug|Any CPU.Build.0 = Debug|Any CPU
		{F897E015-14EA-4FA6-B127-263E73827996}.Debug|Mixed Platforms.ActiveCfg = Debug|Any CPU
		{F897E015-14EA-4FA6-B127-263E73827996}.Debug|Mixed Platforms.Build.0 = Debug|Any CPU
		{F897E015-14EA-4FA6-B127-263E73827996}.Debug|x86.ActiveCfg = Debug|Any CPU
		{F897E015-14EA-4FA6-B127-263E73827996}.Release Package|Any CPU.ActiveCfg = Release|Any CPU
		{F897E015-14EA-4FA6-B127-263E73827996}.Release Package|Any CPU.Build.0 = Release|Any CPU
		{F897E015-14EA-4FA6-B127-263E73827996}.Release Package|Mixed Platforms.ActiveCfg = Release|Any CPU
		{F897E015-14EA-4FA6-B127-263E73827996}.Release Package|Mixed Platforms.Build.0 = Release|Any CPU
		{F897E015-14EA-4FA6-B127-263E73827996}.Release Package|x86.ActiveCfg = Release|Any CPU
		{F897E015-14EA-4FA6-B127-263E73827996}.Release|Any CPU.ActiveCfg = Release|Any CPU
		{F897E015-14EA-4FA6-B127-263E73827996}.Release|Any CPU.Build.0 = Release|Any CPU
		{F897E015-14EA-4FA6-B127-263E73827996}.Release|Mixed Platforms.ActiveCfg = Release|Any CPU
		{F897E015-14EA-4FA6-B127-263E73827996}.Release|Mixed Platforms.Build.0 = Release|Any CPU
		{F897E015-14EA-4FA6-B127-263E73827996}.Release|x86.ActiveCfg = Release|Any CPU
		{27E7CA89-5B70-4554-9626-0A0A80A89F7F}.Debug Package|Any CPU.ActiveCfg = Debug|Any CPU
		{27E7CA89-5B70-4554-9626-0A0A80A89F7F}.Debug Package|Any CPU.Build.0 = Debug|Any CPU
		{27E7CA89-5B70-4554-9626-0A0A80A89F7F}.Debug Package|Mixed Platforms.ActiveCfg = Debug|Any CPU
		{27E7CA89-5B70-4554-9626-0A0A80A89F7F}.Debug Package|Mixed Platforms.Build.0 = Debug|Any CPU
		{27E7CA89-5B70-4554-9626-0A0A80A89F7F}.Debug Package|x86.ActiveCfg = Debug|Any CPU
		{27E7CA89-5B70-4554-9626-0A0A80A89F7F}.Debug|Any CPU.ActiveCfg = Debug|Any CPU
		{27E7CA89-5B70-4554-9626-0A0A80A89F7F}.Debug|Any CPU.Build.0 = Debug|Any CPU
		{27E7CA89-5B70-4554-9626-0A0A80A89F7F}.Debug|Mixed Platforms.ActiveCfg = Debug|Any CPU
		{27E7CA89-5B70-4554-9626-0A0A80A89F7F}.Debug|Mixed Platforms.Build.0 = Debug|Any CPU
		{27E7CA89-5B70-4554-9626-0A0A80A89F7F}.Debug|x86.ActiveCfg = Debug|Any CPU
		{27E7CA89-5B70-4554-9626-0A0A80A89F7F}.Release Package|Any CPU.ActiveCfg = Release|Any CPU
		{27E7CA89-5B70-4554-9626-0A0A80A89F7F}.Release Package|Any CPU.Build.0 = Release|Any CPU
		{27E7CA89-5B70-4554-9626-0A0A80A89F7F}.Release Package|Mixed Platforms.ActiveCfg = Release|Any CPU
		{27E7CA89-5B70-4554-9626-0A0A80A89F7F}.Release Package|Mixed Platforms.Build.0 = Release|Any CPU
		{27E7CA89-5B70-4554-9626-0A0A80A89F7F}.Release Package|x86.ActiveCfg = Release|Any CPU
		{27E7CA89-5B70-4554-9626-0A0A80A89F7F}.Release|Any CPU.ActiveCfg = Release|Any CPU
		{27E7CA89-5B70-4554-9626-0A0A80A89F7F}.Release|Any CPU.Build.0 = Release|Any CPU
		{27E7CA89-5B70-4554-9626-0A0A80A89F7F}.Release|Mixed Platforms.ActiveCfg = Release|Any CPU
		{27E7CA89-5B70-4554-9626-0A0A80A89F7F}.Release|Mixed Platforms.Build.0 = Release|Any CPU
		{27E7CA89-5B70-4554-9626-0A0A80A89F7F}.Release|x86.ActiveCfg = Release|Any CPU
		{3A1E3F11-15BA-4E98-8706-BAE0A676A514}.Debug Package|Any CPU.ActiveCfg = Debug|Any CPU
		{3A1E3F11-15BA-4E98-8706-BAE0A676A514}.Debug Package|Any CPU.Build.0 = Debug|Any CPU
		{3A1E3F11-15BA-4E98-8706-BAE0A676A514}.Debug Package|Mixed Platforms.ActiveCfg = Debug|Any CPU
		{3A1E3F11-15BA-4E98-8706-BAE0A676A514}.Debug Package|Mixed Platforms.Build.0 = Debug|Any CPU
		{3A1E3F11-15BA-4E98-8706-BAE0A676A514}.Debug Package|x86.ActiveCfg = Debug|Any CPU
		{3A1E3F11-15BA-4E98-8706-BAE0A676A514}.Debug|Any CPU.ActiveCfg = Debug|Any CPU
		{3A1E3F11-15BA-4E98-8706-BAE0A676A514}.Debug|Any CPU.Build.0 = Debug|Any CPU
		{3A1E3F11-15BA-4E98-8706-BAE0A676A514}.Debug|Mixed Platforms.ActiveCfg = Debug|Any CPU
		{3A1E3F11-15BA-4E98-8706-BAE0A676A514}.Debug|Mixed Platforms.Build.0 = Debug|Any CPU
		{3A1E3F11-15BA-4E98-8706-BAE0A676A514}.Debug|x86.ActiveCfg = Debug|Any CPU
		{3A1E3F11-15BA-4E98-8706-BAE0A676A514}.Release Package|Any CPU.ActiveCfg = Release|Any CPU
		{3A1E3F11-15BA-4E98-8706-BAE0A676A514}.Release Package|Any CPU.Build.0 = Release|Any CPU
		{3A1E3F11-15BA-4E98-8706-BAE0A676A514}.Release Package|Mixed Platforms.ActiveCfg = Release|Any CPU
		{3A1E3F11-15BA-4E98-8706-BAE0A676A514}.Release Package|Mixed Platforms.Build.0 = Release|Any CPU
		{3A1E3F11-15BA-4E98-8706-BAE0A676A514}.Release Package|x86.ActiveCfg = Release|Any CPU
		{3A1E3F11-15BA-4E98-8706-BAE0A676A514}.Release|Any CPU.ActiveCfg = Release|Any CPU
		{3A1E3F11-15BA-4E98-8706-BAE0A676A514}.Release|Any CPU.Build.0 = Release|Any CPU
		{3A1E3F11-15BA-4E98-8706-BAE0A676A514}.Release|Mixed Platforms.ActiveCfg = Release|Any CPU
		{3A1E3F11-15BA-4E98-8706-BAE0A676A514}.Release|Mixed Platforms.Build.0 = Release|Any CPU
		{3A1E3F11-15BA-4E98-8706-BAE0A676A514}.Release|x86.ActiveCfg = Release|Any CPU
		{F18BD428-25F7-4183-BEB7-7C96F21AE2D1}.Debug Package|Any CPU.ActiveCfg = Debug|Any CPU
		{F18BD428-25F7-4183-BEB7-7C96F21AE2D1}.Debug Package|Any CPU.Build.0 = Debug|Any CPU
		{F18BD428-25F7-4183-BEB7-7C96F21AE2D1}.Debug Package|Mixed Platforms.ActiveCfg = Debug|Any CPU
		{F18BD428-25F7-4183-BEB7-7C96F21AE2D1}.Debug Package|Mixed Platforms.Build.0 = Debug|Any CPU
		{F18BD428-25F7-4183-BEB7-7C96F21AE2D1}.Debug Package|x86.ActiveCfg = Debug|Any CPU
		{F18BD428-25F7-4183-BEB7-7C96F21AE2D1}.Debug|Any CPU.ActiveCfg = Debug|Any CPU
		{F18BD428-25F7-4183-BEB7-7C96F21AE2D1}.Debug|Any CPU.Build.0 = Debug|Any CPU
		{F18BD428-25F7-4183-BEB7-7C96F21AE2D1}.Debug|Mixed Platforms.ActiveCfg = Debug|Any CPU
		{F18BD428-25F7-4183-BEB7-7C96F21AE2D1}.Debug|Mixed Platforms.Build.0 = Debug|Any CPU
		{F18BD428-25F7-4183-BEB7-7C96F21AE2D1}.Debug|x86.ActiveCfg = Debug|Any CPU
		{F18BD428-25F7-4183-BEB7-7C96F21AE2D1}.Release Package|Any CPU.ActiveCfg = Release|Any CPU
		{F18BD428-25F7-4183-BEB7-7C96F21AE2D1}.Release Package|Any CPU.Build.0 = Release|Any CPU
		{F18BD428-25F7-4183-BEB7-7C96F21AE2D1}.Release Package|Mixed Platforms.ActiveCfg = Release|Any CPU
		{F18BD428-25F7-4183-BEB7-7C96F21AE2D1}.Release Package|Mixed Platforms.Build.0 = Release|Any CPU
		{F18BD428-25F7-4183-BEB7-7C96F21AE2D1}.Release Package|x86.ActiveCfg = Release|Any CPU
		{F18BD428-25F7-4183-BEB7-7C96F21AE2D1}.Release|Any CPU.ActiveCfg = Release|Any CPU
		{F18BD428-25F7-4183-BEB7-7C96F21AE2D1}.Release|Any CPU.Build.0 = Release|Any CPU
		{F18BD428-25F7-4183-BEB7-7C96F21AE2D1}.Release|Mixed Platforms.ActiveCfg = Release|Any CPU
		{F18BD428-25F7-4183-BEB7-7C96F21AE2D1}.Release|Mixed Platforms.Build.0 = Release|Any CPU
		{F18BD428-25F7-4183-BEB7-7C96F21AE2D1}.Release|x86.ActiveCfg = Release|Any CPU
		{3B7E30AA-A659-4A13-9223-B9E0442E5B55}.Debug Package|Any CPU.ActiveCfg = Debug|Any CPU
		{3B7E30AA-A659-4A13-9223-B9E0442E5B55}.Debug Package|Any CPU.Build.0 = Debug|Any CPU
		{3B7E30AA-A659-4A13-9223-B9E0442E5B55}.Debug Package|Mixed Platforms.ActiveCfg = Debug|Any CPU
		{3B7E30AA-A659-4A13-9223-B9E0442E5B55}.Debug Package|Mixed Platforms.Build.0 = Debug|Any CPU
		{3B7E30AA-A659-4A13-9223-B9E0442E5B55}.Debug Package|x86.ActiveCfg = Debug|Any CPU
		{3B7E30AA-A659-4A13-9223-B9E0442E5B55}.Debug|Any CPU.ActiveCfg = Debug|Any CPU
		{3B7E30AA-A659-4A13-9223-B9E0442E5B55}.Debug|Any CPU.Build.0 = Debug|Any CPU
		{3B7E30AA-A659-4A13-9223-B9E0442E5B55}.Debug|Mixed Platforms.ActiveCfg = Debug|Any CPU
		{3B7E30AA-A659-4A13-9223-B9E0442E5B55}.Debug|Mixed Platforms.Build.0 = Debug|Any CPU
		{3B7E30AA-A659-4A13-9223-B9E0442E5B55}.Debug|x86.ActiveCfg = Debug|Any CPU
		{3B7E30AA-A659-4A13-9223-B9E0442E5B55}.Release Package|Any CPU.ActiveCfg = Release|Any CPU
		{3B7E30AA-A659-4A13-9223-B9E0442E5B55}.Release Package|Any CPU.Build.0 = Release|Any CPU
		{3B7E30AA-A659-4A13-9223-B9E0442E5B55}.Release Package|Mixed Platforms.ActiveCfg = Release|Any CPU
		{3B7E30AA-A659-4A13-9223-B9E0442E5B55}.Release Package|Mixed Platforms.Build.0 = Release|Any CPU
		{3B7E30AA-A659-4A13-9223-B9E0442E5B55}.Release Package|x86.ActiveCfg = Release|Any CPU
		{3B7E30AA-A659-4A13-9223-B9E0442E5B55}.Release|Any CPU.ActiveCfg = Release|Any CPU
		{3B7E30AA-A659-4A13-9223-B9E0442E5B55}.Release|Any CPU.Build.0 = Release|Any CPU
		{3B7E30AA-A659-4A13-9223-B9E0442E5B55}.Release|Mixed Platforms.ActiveCfg = Release|Any CPU
		{3B7E30AA-A659-4A13-9223-B9E0442E5B55}.Release|Mixed Platforms.Build.0 = Release|Any CPU
		{3B7E30AA-A659-4A13-9223-B9E0442E5B55}.Release|x86.ActiveCfg = Release|Any CPU
		{09194E77-3606-42DD-972A-0A88B93340C8}.Debug Package|Any CPU.ActiveCfg = Debug|x86
		{09194E77-3606-42DD-972A-0A88B93340C8}.Debug Package|Mixed Platforms.ActiveCfg = Debug|x86
		{09194E77-3606-42DD-972A-0A88B93340C8}.Debug Package|Mixed Platforms.Build.0 = Debug|x86
		{09194E77-3606-42DD-972A-0A88B93340C8}.Debug Package|x86.ActiveCfg = Debug|x86
		{09194E77-3606-42DD-972A-0A88B93340C8}.Debug Package|x86.Build.0 = Debug|x86
		{09194E77-3606-42DD-972A-0A88B93340C8}.Debug|Any CPU.ActiveCfg = Debug|x86
		{09194E77-3606-42DD-972A-0A88B93340C8}.Debug|Mixed Platforms.ActiveCfg = Debug|x86
		{09194E77-3606-42DD-972A-0A88B93340C8}.Debug|x86.ActiveCfg = Debug|x86
		{09194E77-3606-42DD-972A-0A88B93340C8}.Debug|x86.Build.0 = Debug|x86
		{09194E77-3606-42DD-972A-0A88B93340C8}.Release Package|Any CPU.ActiveCfg = Release|x86
		{09194E77-3606-42DD-972A-0A88B93340C8}.Release Package|Mixed Platforms.ActiveCfg = Release|x86
		{09194E77-3606-42DD-972A-0A88B93340C8}.Release Package|Mixed Platforms.Build.0 = Release|x86
		{09194E77-3606-42DD-972A-0A88B93340C8}.Release Package|x86.ActiveCfg = Release|x86
		{09194E77-3606-42DD-972A-0A88B93340C8}.Release Package|x86.Build.0 = Release|x86
		{09194E77-3606-42DD-972A-0A88B93340C8}.Release|Any CPU.ActiveCfg = Release|x86
		{09194E77-3606-42DD-972A-0A88B93340C8}.Release|Mixed Platforms.ActiveCfg = Release|x86
		{09194E77-3606-42DD-972A-0A88B93340C8}.Release|x86.ActiveCfg = Release|x86
		{09194E77-3606-42DD-972A-0A88B93340C8}.Release|x86.Build.0 = Release|x86
		{74E297C2-1081-4C9A-9311-EAAF4746A413}.Debug Package|Any CPU.ActiveCfg = Debug|Any CPU
		{74E297C2-1081-4C9A-9311-EAAF4746A413}.Debug Package|Any CPU.Build.0 = Debug|Any CPU
		{74E297C2-1081-4C9A-9311-EAAF4746A413}.Debug Package|Mixed Platforms.ActiveCfg = Debug|Any CPU
		{74E297C2-1081-4C9A-9311-EAAF4746A413}.Debug Package|Mixed Platforms.Build.0 = Debug|Any CPU
		{74E297C2-1081-4C9A-9311-EAAF4746A413}.Debug Package|x86.ActiveCfg = Debug|Any CPU
		{74E297C2-1081-4C9A-9311-EAAF4746A413}.Debug|Any CPU.ActiveCfg = Debug|Any CPU
		{74E297C2-1081-4C9A-9311-EAAF4746A413}.Debug|Any CPU.Build.0 = Debug|Any CPU
		{74E297C2-1081-4C9A-9311-EAAF4746A413}.Debug|Mixed Platforms.ActiveCfg = Debug|Any CPU
		{74E297C2-1081-4C9A-9311-EAAF4746A413}.Debug|Mixed Platforms.Build.0 = Debug|Any CPU
		{74E297C2-1081-4C9A-9311-EAAF4746A413}.Debug|x86.ActiveCfg = Debug|Any CPU
		{74E297C2-1081-4C9A-9311-EAAF4746A413}.Release Package|Any CPU.ActiveCfg = Release|Any CPU
		{74E297C2-1081-4C9A-9311-EAAF4746A413}.Release Package|Any CPU.Build.0 = Release|Any CPU
		{74E297C2-1081-4C9A-9311-EAAF4746A413}.Release Package|Mixed Platforms.ActiveCfg = Release|Any CPU
		{74E297C2-1081-4C9A-9311-EAAF4746A413}.Release Package|Mixed Platforms.Build.0 = Release|Any CPU
		{74E297C2-1081-4C9A-9311-EAAF4746A413}.Release Package|x86.ActiveCfg = Release|Any CPU
		{74E297C2-1081-4C9A-9311-EAAF4746A413}.Release|Any CPU.ActiveCfg = Release|Any CPU
		{74E297C2-1081-4C9A-9311-EAAF4746A413}.Release|Any CPU.Build.0 = Release|Any CPU
		{74E297C2-1081-4C9A-9311-EAAF4746A413}.Release|Mixed Platforms.ActiveCfg = Release|Any CPU
		{74E297C2-1081-4C9A-9311-EAAF4746A413}.Release|Mixed Platforms.Build.0 = Release|Any CPU
		{74E297C2-1081-4C9A-9311-EAAF4746A413}.Release|x86.ActiveCfg = Release|Any CPU
		{DB171BE4-D9C3-45F1-8108-84992EF8391F}.Debug Package|Any CPU.ActiveCfg = Debug|Any CPU
		{DB171BE4-D9C3-45F1-8108-84992EF8391F}.Debug Package|Any CPU.Build.0 = Debug|Any CPU
		{DB171BE4-D9C3-45F1-8108-84992EF8391F}.Debug Package|Mixed Platforms.ActiveCfg = Debug|Any CPU
		{DB171BE4-D9C3-45F1-8108-84992EF8391F}.Debug Package|Mixed Platforms.Build.0 = Debug|Any CPU
		{DB171BE4-D9C3-45F1-8108-84992EF8391F}.Debug Package|x86.ActiveCfg = Debug|Any CPU
		{DB171BE4-D9C3-45F1-8108-84992EF8391F}.Debug|Any CPU.ActiveCfg = Debug|Any CPU
		{DB171BE4-D9C3-45F1-8108-84992EF8391F}.Debug|Any CPU.Build.0 = Debug|Any CPU
		{DB171BE4-D9C3-45F1-8108-84992EF8391F}.Debug|Mixed Platforms.ActiveCfg = Debug|Any CPU
		{DB171BE4-D9C3-45F1-8108-84992EF8391F}.Debug|Mixed Platforms.Build.0 = Debug|Any CPU
		{DB171BE4-D9C3-45F1-8108-84992EF8391F}.Debug|x86.ActiveCfg = Debug|Any CPU
		{DB171BE4-D9C3-45F1-8108-84992EF8391F}.Release Package|Any CPU.ActiveCfg = Release|Any CPU
		{DB171BE4-D9C3-45F1-8108-84992EF8391F}.Release Package|Any CPU.Build.0 = Release|Any CPU
		{DB171BE4-D9C3-45F1-8108-84992EF8391F}.Release Package|Mixed Platforms.ActiveCfg = Release|Any CPU
		{DB171BE4-D9C3-45F1-8108-84992EF8391F}.Release Package|Mixed Platforms.Build.0 = Release|Any CPU
		{DB171BE4-D9C3-45F1-8108-84992EF8391F}.Release Package|x86.ActiveCfg = Release|Any CPU
		{DB171BE4-D9C3-45F1-8108-84992EF8391F}.Release|Any CPU.ActiveCfg = Release|Any CPU
		{DB171BE4-D9C3-45F1-8108-84992EF8391F}.Release|Any CPU.Build.0 = Release|Any CPU
		{DB171BE4-D9C3-45F1-8108-84992EF8391F}.Release|Mixed Platforms.ActiveCfg = Release|Any CPU
		{DB171BE4-D9C3-45F1-8108-84992EF8391F}.Release|Mixed Platforms.Build.0 = Release|Any CPU
		{DB171BE4-D9C3-45F1-8108-84992EF8391F}.Release|x86.ActiveCfg = Release|Any CPU
		{841F4244-A069-438A-ABE1-F7D93E269CDB}.Debug Package|Any CPU.ActiveCfg = Debug|Any CPU
		{841F4244-A069-438A-ABE1-F7D93E269CDB}.Debug Package|Any CPU.Build.0 = Debug|Any CPU
		{841F4244-A069-438A-ABE1-F7D93E269CDB}.Debug Package|Mixed Platforms.ActiveCfg = Debug|Any CPU
		{841F4244-A069-438A-ABE1-F7D93E269CDB}.Debug Package|Mixed Platforms.Build.0 = Debug|Any CPU
		{841F4244-A069-438A-ABE1-F7D93E269CDB}.Debug Package|x86.ActiveCfg = Debug|Any CPU
		{841F4244-A069-438A-ABE1-F7D93E269CDB}.Debug|Any CPU.ActiveCfg = Debug|Any CPU
		{841F4244-A069-438A-ABE1-F7D93E269CDB}.Debug|Any CPU.Build.0 = Debug|Any CPU
		{841F4244-A069-438A-ABE1-F7D93E269CDB}.Debug|Mixed Platforms.ActiveCfg = Debug|Any CPU
		{841F4244-A069-438A-ABE1-F7D93E269CDB}.Debug|Mixed Platforms.Build.0 = Debug|Any CPU
		{841F4244-A069-438A-ABE1-F7D93E269CDB}.Debug|x86.ActiveCfg = Debug|Any CPU
		{841F4244-A069-438A-ABE1-F7D93E269CDB}.Release Package|Any CPU.ActiveCfg = Release|Any CPU
		{841F4244-A069-438A-ABE1-F7D93E269CDB}.Release Package|Any CPU.Build.0 = Release|Any CPU
		{841F4244-A069-438A-ABE1-F7D93E269CDB}.Release Package|Mixed Platforms.ActiveCfg = Release|Any CPU
		{841F4244-A069-438A-ABE1-F7D93E269CDB}.Release Package|Mixed Platforms.Build.0 = Release|Any CPU
		{841F4244-A069-438A-ABE1-F7D93E269CDB}.Release Package|x86.ActiveCfg = Release|Any CPU
		{841F4244-A069-438A-ABE1-F7D93E269CDB}.Release|Any CPU.ActiveCfg = Release|Any CPU
		{841F4244-A069-438A-ABE1-F7D93E269CDB}.Release|Any CPU.Build.0 = Release|Any CPU
		{841F4244-A069-438A-ABE1-F7D93E269CDB}.Release|Mixed Platforms.ActiveCfg = Release|Any CPU
		{841F4244-A069-438A-ABE1-F7D93E269CDB}.Release|Mixed Platforms.Build.0 = Release|Any CPU
		{841F4244-A069-438A-ABE1-F7D93E269CDB}.Release|x86.ActiveCfg = Release|Any CPU
		{F2EFEF7D-80F3-4FE5-97BE-9BF702DCB5E2}.Debug Package|Any CPU.ActiveCfg = Debug|Any CPU
		{F2EFEF7D-80F3-4FE5-97BE-9BF702DCB5E2}.Debug Package|Any CPU.Build.0 = Debug|Any CPU
		{F2EFEF7D-80F3-4FE5-97BE-9BF702DCB5E2}.Debug Package|Mixed Platforms.ActiveCfg = Debug|Any CPU
		{F2EFEF7D-80F3-4FE5-97BE-9BF702DCB5E2}.Debug Package|Mixed Platforms.Build.0 = Debug|Any CPU
		{F2EFEF7D-80F3-4FE5-97BE-9BF702DCB5E2}.Debug Package|x86.ActiveCfg = Debug|Any CPU
		{F2EFEF7D-80F3-4FE5-97BE-9BF702DCB5E2}.Debug|Any CPU.ActiveCfg = Debug|Any CPU
		{F2EFEF7D-80F3-4FE5-97BE-9BF702DCB5E2}.Debug|Any CPU.Build.0 = Debug|Any CPU
		{F2EFEF7D-80F3-4FE5-97BE-9BF702DCB5E2}.Debug|Mixed Platforms.ActiveCfg = Debug|Any CPU
		{F2EFEF7D-80F3-4FE5-97BE-9BF702DCB5E2}.Debug|Mixed Platforms.Build.0 = Debug|Any CPU
		{F2EFEF7D-80F3-4FE5-97BE-9BF702DCB5E2}.Debug|x86.ActiveCfg = Debug|Any CPU
		{F2EFEF7D-80F3-4FE5-97BE-9BF702DCB5E2}.Release Package|Any CPU.ActiveCfg = Release|Any CPU
		{F2EFEF7D-80F3-4FE5-97BE-9BF702DCB5E2}.Release Package|Any CPU.Build.0 = Release|Any CPU
		{F2EFEF7D-80F3-4FE5-97BE-9BF702DCB5E2}.Release Package|Mixed Platforms.ActiveCfg = Release|Any CPU
		{F2EFEF7D-80F3-4FE5-97BE-9BF702DCB5E2}.Release Package|Mixed Platforms.Build.0 = Release|Any CPU
		{F2EFEF7D-80F3-4FE5-97BE-9BF702DCB5E2}.Release Package|x86.ActiveCfg = Release|Any CPU
		{F2EFEF7D-80F3-4FE5-97BE-9BF702DCB5E2}.Release|Any CPU.ActiveCfg = Release|Any CPU
		{F2EFEF7D-80F3-4FE5-97BE-9BF702DCB5E2}.Release|Any CPU.Build.0 = Release|Any CPU
		{F2EFEF7D-80F3-4FE5-97BE-9BF702DCB5E2}.Release|Mixed Platforms.ActiveCfg = Release|Any CPU
		{F2EFEF7D-80F3-4FE5-97BE-9BF702DCB5E2}.Release|Mixed Platforms.Build.0 = Release|Any CPU
		{F2EFEF7D-80F3-4FE5-97BE-9BF702DCB5E2}.Release|x86.ActiveCfg = Release|Any CPU
		{4DF783E4-5CA5-425A-A5D3-F65CCE432F22}.Debug Package|Any CPU.ActiveCfg = Debug|Any CPU
		{4DF783E4-5CA5-425A-A5D3-F65CCE432F22}.Debug Package|Any CPU.Build.0 = Debug|Any CPU
		{4DF783E4-5CA5-425A-A5D3-F65CCE432F22}.Debug Package|Mixed Platforms.ActiveCfg = Debug|Any CPU
		{4DF783E4-5CA5-425A-A5D3-F65CCE432F22}.Debug Package|Mixed Platforms.Build.0 = Debug|Any CPU
		{4DF783E4-5CA5-425A-A5D3-F65CCE432F22}.Debug Package|x86.ActiveCfg = Debug|Any CPU
		{4DF783E4-5CA5-425A-A5D3-F65CCE432F22}.Debug|Any CPU.ActiveCfg = Debug|Any CPU
		{4DF783E4-5CA5-425A-A5D3-F65CCE432F22}.Debug|Any CPU.Build.0 = Debug|Any CPU
		{4DF783E4-5CA5-425A-A5D3-F65CCE432F22}.Debug|Mixed Platforms.ActiveCfg = Debug|Any CPU
		{4DF783E4-5CA5-425A-A5D3-F65CCE432F22}.Debug|Mixed Platforms.Build.0 = Debug|Any CPU
		{4DF783E4-5CA5-425A-A5D3-F65CCE432F22}.Debug|x86.ActiveCfg = Debug|Any CPU
		{4DF783E4-5CA5-425A-A5D3-F65CCE432F22}.Release Package|Any CPU.ActiveCfg = Release|Any CPU
		{4DF783E4-5CA5-425A-A5D3-F65CCE432F22}.Release Package|Any CPU.Build.0 = Release|Any CPU
		{4DF783E4-5CA5-425A-A5D3-F65CCE432F22}.Release Package|Mixed Platforms.ActiveCfg = Release|Any CPU
		{4DF783E4-5CA5-425A-A5D3-F65CCE432F22}.Release Package|Mixed Platforms.Build.0 = Release|Any CPU
		{4DF783E4-5CA5-425A-A5D3-F65CCE432F22}.Release Package|x86.ActiveCfg = Release|Any CPU
		{4DF783E4-5CA5-425A-A5D3-F65CCE432F22}.Release|Any CPU.ActiveCfg = Release|Any CPU
		{4DF783E4-5CA5-425A-A5D3-F65CCE432F22}.Release|Any CPU.Build.0 = Release|Any CPU
		{4DF783E4-5CA5-425A-A5D3-F65CCE432F22}.Release|Mixed Platforms.ActiveCfg = Release|Any CPU
		{4DF783E4-5CA5-425A-A5D3-F65CCE432F22}.Release|Mixed Platforms.Build.0 = Release|Any CPU
		{4DF783E4-5CA5-425A-A5D3-F65CCE432F22}.Release|x86.ActiveCfg = Release|Any CPU
		{B8FD2926-1544-4870-A5D4-3B5F5FFB370E}.Debug Package|Any CPU.ActiveCfg = Debug|Any CPU
		{B8FD2926-1544-4870-A5D4-3B5F5FFB370E}.Debug Package|Any CPU.Build.0 = Debug|Any CPU
		{B8FD2926-1544-4870-A5D4-3B5F5FFB370E}.Debug Package|Mixed Platforms.ActiveCfg = Debug|Any CPU
		{B8FD2926-1544-4870-A5D4-3B5F5FFB370E}.Debug Package|Mixed Platforms.Build.0 = Debug|Any CPU
		{B8FD2926-1544-4870-A5D4-3B5F5FFB370E}.Debug Package|x86.ActiveCfg = Debug|Any CPU
		{B8FD2926-1544-4870-A5D4-3B5F5FFB370E}.Debug|Any CPU.ActiveCfg = Debug|Any CPU
		{B8FD2926-1544-4870-A5D4-3B5F5FFB370E}.Debug|Any CPU.Build.0 = Debug|Any CPU
		{B8FD2926-1544-4870-A5D4-3B5F5FFB370E}.Debug|Mixed Platforms.ActiveCfg = Debug|Any CPU
		{B8FD2926-1544-4870-A5D4-3B5F5FFB370E}.Debug|Mixed Platforms.Build.0 = Debug|Any CPU
		{B8FD2926-1544-4870-A5D4-3B5F5FFB370E}.Debug|x86.ActiveCfg = Debug|Any CPU
		{B8FD2926-1544-4870-A5D4-3B5F5FFB370E}.Release Package|Any CPU.ActiveCfg = Release|Any CPU
		{B8FD2926-1544-4870-A5D4-3B5F5FFB370E}.Release Package|Any CPU.Build.0 = Release|Any CPU
		{B8FD2926-1544-4870-A5D4-3B5F5FFB370E}.Release Package|Mixed Platforms.ActiveCfg = Release|Any CPU
		{B8FD2926-1544-4870-A5D4-3B5F5FFB370E}.Release Package|Mixed Platforms.Build.0 = Release|Any CPU
		{B8FD2926-1544-4870-A5D4-3B5F5FFB370E}.Release Package|x86.ActiveCfg = Release|Any CPU
		{B8FD2926-1544-4870-A5D4-3B5F5FFB370E}.Release|Any CPU.ActiveCfg = Release|Any CPU
		{B8FD2926-1544-4870-A5D4-3B5F5FFB370E}.Release|Any CPU.Build.0 = Release|Any CPU
		{B8FD2926-1544-4870-A5D4-3B5F5FFB370E}.Release|Mixed Platforms.ActiveCfg = Release|Any CPU
		{B8FD2926-1544-4870-A5D4-3B5F5FFB370E}.Release|Mixed Platforms.Build.0 = Release|Any CPU
		{B8FD2926-1544-4870-A5D4-3B5F5FFB370E}.Release|x86.ActiveCfg = Release|Any CPU
	EndGlobalSection
	GlobalSection(SolutionProperties) = preSolution
		HideSolutionNode = FALSE
	EndGlobalSection
EndGlobal
