
Microsoft Visual Studio Solution File, Format Version 12.00
# Visual Studio 15
VisualStudioVersion = 15.0.27703.2042
MinimumVisualStudioVersion = 10.0.40219.1
Project("{FAE04EC0-301F-11D3-BF4B-00C04F79EFBC}") = "Myra", "Myra\Myra.csproj", "{4DCBB001-9C79-4F6B-996D-D654062D93E0}"
EndProject
Project("{2150E333-8FDC-42A3-9474-1A3956D46DE8}") = ".nuget", ".nuget", "{E7C2030A-AF9E-41B2-BD5C-39D8F70A09A7}"
EndProject
Project("{FAE04EC0-301F-11D3-BF4B-00C04F79EFBC}") = "Myra.Editor", "Myra.Editor\Myra.Editor.csproj", "{F18BD428-25F7-4183-BEB7-7C96F21AE2D1}"
EndProject
Project("{FAE04EC0-301F-11D3-BF4B-00C04F79EFBC}") = "Myra.UIEditor", "Myra.UIEditor\Myra.UIEditor.csproj", "{3B7E30AA-A659-4A13-9223-B9E0442E5B55}"
EndProject
Project("{2150E333-8FDC-42A3-9474-1A3956D46DE8}") = "Samples", "Samples", "{EAB0AA24-7185-4897-A866-AE87AF3F2E0B}"
EndProject
Project("{FAE04EC0-301F-11D3-BF4B-00C04F79EFBC}") = "Myra.Samples.CustomUIStylesheet", "Samples\Myra.Samples.CustomUIStylesheet\Myra.Samples.CustomUIStylesheet.csproj", "{8385D5C0-C8D8-4242-940A-2BD071EDC5B1}"
EndProject
Project("{FAE04EC0-301F-11D3-BF4B-00C04F79EFBC}") = "Myra.Samples.FormattedTextSample", "Samples\Myra.Samples.FormattedTextSample\Myra.Samples.FormattedTextSample.csproj", "{0E2EBFD7-4398-48CE-AC1A-9DF116CE2587}"
EndProject
Project("{FAE04EC0-301F-11D3-BF4B-00C04F79EFBC}") = "Myra.Samples.GridContainer", "Samples\Myra.Samples.GridContainer\Myra.Samples.GridContainer.csproj", "{E96FADDC-29FA-49F7-920D-4AD9F5FBD705}"
EndProject
Project("{FAE04EC0-301F-11D3-BF4B-00C04F79EFBC}") = "Myra.Samples.Notepad", "Samples\Myra.Samples.Notepad\Myra.Samples.Notepad.csproj", "{AD459A6F-2075-4728-A57B-9FC08DFF2062}"
EndProject
Project("{FAE04EC0-301F-11D3-BF4B-00C04F79EFBC}") = "Myra.Samples.SplitPaneContainer", "Samples\Myra.Samples.SplitPaneContainer\Myra.Samples.SplitPaneContainer.csproj", "{15129613-1D63-4709-8B71-70E73BAB9C0B}"
EndProject
Project("{FAE04EC0-301F-11D3-BF4B-00C04F79EFBC}") = "Myra.Samples.TextBlocks", "Samples\Myra.Samples.TextBlocks\Myra.Samples.TextBlocks.csproj", "{EE49A6D2-4ADB-4FB4-9CCE-78F42EAAEFB4}"
EndProject
Project("{FAE04EC0-301F-11D3-BF4B-00C04F79EFBC}") = "Myra.UIEditor.Plugin.LibGDX", "Samples\Myra.UIEditor.Plugin.LibGDX\Myra.UIEditor.Plugin.LibGDX.csproj", "{DB171BE4-D9C3-45F1-8108-84992EF8391F}"
	ProjectSection(ProjectDependencies) = postProject
		{8385D5C0-C8D8-4242-940A-2BD071EDC5B1} = {8385D5C0-C8D8-4242-940A-2BD071EDC5B1}
	EndProjectSection
EndProject
Project("{FAE04EC0-301F-11D3-BF4B-00C04F79EFBC}") = "Myra.UIEditor.Plugin.YellowMenuButtons", "Samples\Myra.UIEditor.Plugin.YellowMenuButtons\Myra.UIEditor.Plugin.YellowMenuButtons.csproj", "{74E297C2-1081-4C9A-9311-EAAF4746A413}"
EndProject
Project("{FAE04EC0-301F-11D3-BF4B-00C04F79EFBC}") = "Myra.Samples.AllWidgets", "Samples\Myra.Samples.AllWidgets\Myra.Samples.AllWidgets.csproj", "{0F48899B-E533-423E-BAE4-FDD09A3A6698}"
EndProject
Project("{FAE04EC0-301F-11D3-BF4B-00C04F79EFBC}") = "Myra.Samples.TabControl", "Samples\Myra.Samples.TabControl\Myra.Samples.TabControl.csproj", "{46A18A74-5EB4-4B85-B1B7-279A1D8FDDA6}"
EndProject
Project("{FAE04EC0-301F-11D3-BF4B-00C04F79EFBC}") = "Myra.Samples.FantasyMapGenerator", "Samples\Myra.Samples.FantasyMapGenerator\Myra.Samples.FantasyMapGenerator.csproj", "{84545088-FD48-41A9-A729-CD307F60E3A0}"
EndProject
Project("{2150E333-8FDC-42A3-9474-1A3956D46DE8}") = "Tools", "Tools", "{FF0B45E8-FBCB-4CAE-B734-241328333287}"
EndProject
Project("{FAE04EC0-301F-11D3-BF4B-00C04F79EFBC}") = "Myra.Tools.ToMyraAtlasConverter", "Tools\ToMyraAtlasConverter\Myra.Tools.ToMyraAtlasConverter.csproj", "{E787D9B1-DCC5-4255-9D63-546BED3E6E0E}"
EndProject
Project("{FAE04EC0-301F-11D3-BF4B-00C04F79EFBC}") = "Myra.Tools.ToMyraStylesheetConverter", "Tools\ToMyraStylesheetConverter\Myra.Tools.ToMyraStylesheetConverter.csproj", "{44921511-A30C-4FC7-8FE2-B7F2644E33EB}"
EndProject
Global
	GlobalSection(SolutionConfigurationPlatforms) = preSolution
		Debug|Any CPU = Debug|Any CPU
		Release|Any CPU = Release|Any CPU
	EndGlobalSection
	GlobalSection(ProjectConfigurationPlatforms) = postSolution
		{4DCBB001-9C79-4F6B-996D-D654062D93E0}.Debug|Any CPU.ActiveCfg = Debug|Any CPU
		{4DCBB001-9C79-4F6B-996D-D654062D93E0}.Debug|Any CPU.Build.0 = Debug|Any CPU
		{4DCBB001-9C79-4F6B-996D-D654062D93E0}.Release|Any CPU.ActiveCfg = Release|Any CPU
		{4DCBB001-9C79-4F6B-996D-D654062D93E0}.Release|Any CPU.Build.0 = Release|Any CPU
		{F18BD428-25F7-4183-BEB7-7C96F21AE2D1}.Debug|Any CPU.ActiveCfg = Debug|Any CPU
		{F18BD428-25F7-4183-BEB7-7C96F21AE2D1}.Debug|Any CPU.Build.0 = Debug|Any CPU
		{F18BD428-25F7-4183-BEB7-7C96F21AE2D1}.Release|Any CPU.ActiveCfg = Release|Any CPU
		{F18BD428-25F7-4183-BEB7-7C96F21AE2D1}.Release|Any CPU.Build.0 = Release|Any CPU
		{3B7E30AA-A659-4A13-9223-B9E0442E5B55}.Debug|Any CPU.ActiveCfg = Debug|Any CPU
		{3B7E30AA-A659-4A13-9223-B9E0442E5B55}.Debug|Any CPU.Build.0 = Debug|Any CPU
		{3B7E30AA-A659-4A13-9223-B9E0442E5B55}.Release|Any CPU.ActiveCfg = Release|Any CPU
		{3B7E30AA-A659-4A13-9223-B9E0442E5B55}.Release|Any CPU.Build.0 = Release|Any CPU
		{8385D5C0-C8D8-4242-940A-2BD071EDC5B1}.Debug|Any CPU.ActiveCfg = Debug|Any CPU
		{8385D5C0-C8D8-4242-940A-2BD071EDC5B1}.Debug|Any CPU.Build.0 = Debug|Any CPU
		{8385D5C0-C8D8-4242-940A-2BD071EDC5B1}.Release|Any CPU.ActiveCfg = Release|Any CPU
		{8385D5C0-C8D8-4242-940A-2BD071EDC5B1}.Release|Any CPU.Build.0 = Release|Any CPU
		{0E2EBFD7-4398-48CE-AC1A-9DF116CE2587}.Debug|Any CPU.ActiveCfg = Debug|Any CPU
		{0E2EBFD7-4398-48CE-AC1A-9DF116CE2587}.Debug|Any CPU.Build.0 = Debug|Any CPU
		{0E2EBFD7-4398-48CE-AC1A-9DF116CE2587}.Release|Any CPU.ActiveCfg = Release|Any CPU
		{0E2EBFD7-4398-48CE-AC1A-9DF116CE2587}.Release|Any CPU.Build.0 = Release|Any CPU
		{E96FADDC-29FA-49F7-920D-4AD9F5FBD705}.Debug|Any CPU.ActiveCfg = Debug|Any CPU
		{E96FADDC-29FA-49F7-920D-4AD9F5FBD705}.Debug|Any CPU.Build.0 = Debug|Any CPU
		{E96FADDC-29FA-49F7-920D-4AD9F5FBD705}.Release|Any CPU.ActiveCfg = Release|Any CPU
		{E96FADDC-29FA-49F7-920D-4AD9F5FBD705}.Release|Any CPU.Build.0 = Release|Any CPU
		{AD459A6F-2075-4728-A57B-9FC08DFF2062}.Debug|Any CPU.ActiveCfg = Debug|Any CPU
		{AD459A6F-2075-4728-A57B-9FC08DFF2062}.Debug|Any CPU.Build.0 = Debug|Any CPU
		{AD459A6F-2075-4728-A57B-9FC08DFF2062}.Release|Any CPU.ActiveCfg = Release|Any CPU
		{AD459A6F-2075-4728-A57B-9FC08DFF2062}.Release|Any CPU.Build.0 = Release|Any CPU
		{15129613-1D63-4709-8B71-70E73BAB9C0B}.Debug|Any CPU.ActiveCfg = Debug|Any CPU
		{15129613-1D63-4709-8B71-70E73BAB9C0B}.Debug|Any CPU.Build.0 = Debug|Any CPU
		{15129613-1D63-4709-8B71-70E73BAB9C0B}.Release|Any CPU.ActiveCfg = Release|Any CPU
		{15129613-1D63-4709-8B71-70E73BAB9C0B}.Release|Any CPU.Build.0 = Release|Any CPU
		{EE49A6D2-4ADB-4FB4-9CCE-78F42EAAEFB4}.Debug|Any CPU.ActiveCfg = Debug|Any CPU
		{EE49A6D2-4ADB-4FB4-9CCE-78F42EAAEFB4}.Debug|Any CPU.Build.0 = Debug|Any CPU
		{EE49A6D2-4ADB-4FB4-9CCE-78F42EAAEFB4}.Release|Any CPU.ActiveCfg = Release|Any CPU
		{EE49A6D2-4ADB-4FB4-9CCE-78F42EAAEFB4}.Release|Any CPU.Build.0 = Release|Any CPU
		{DB171BE4-D9C3-45F1-8108-84992EF8391F}.Debug|Any CPU.ActiveCfg = Debug|Any CPU
		{DB171BE4-D9C3-45F1-8108-84992EF8391F}.Debug|Any CPU.Build.0 = Debug|Any CPU
		{DB171BE4-D9C3-45F1-8108-84992EF8391F}.Release|Any CPU.ActiveCfg = Release|Any CPU
		{DB171BE4-D9C3-45F1-8108-84992EF8391F}.Release|Any CPU.Build.0 = Release|Any CPU
		{74E297C2-1081-4C9A-9311-EAAF4746A413}.Debug|Any CPU.ActiveCfg = Debug|Any CPU
		{74E297C2-1081-4C9A-9311-EAAF4746A413}.Debug|Any CPU.Build.0 = Debug|Any CPU
		{74E297C2-1081-4C9A-9311-EAAF4746A413}.Release|Any CPU.ActiveCfg = Release|Any CPU
		{74E297C2-1081-4C9A-9311-EAAF4746A413}.Release|Any CPU.Build.0 = Release|Any CPU
		{0F48899B-E533-423E-BAE4-FDD09A3A6698}.Debug|Any CPU.ActiveCfg = Debug|Any CPU
		{0F48899B-E533-423E-BAE4-FDD09A3A6698}.Debug|Any CPU.Build.0 = Debug|Any CPU
		{0F48899B-E533-423E-BAE4-FDD09A3A6698}.Release|Any CPU.ActiveCfg = Release|Any CPU
		{0F48899B-E533-423E-BAE4-FDD09A3A6698}.Release|Any CPU.Build.0 = Release|Any CPU
		{46A18A74-5EB4-4B85-B1B7-279A1D8FDDA6}.Debug|Any CPU.ActiveCfg = Debug|Any CPU
		{46A18A74-5EB4-4B85-B1B7-279A1D8FDDA6}.Debug|Any CPU.Build.0 = Debug|Any CPU
		{46A18A74-5EB4-4B85-B1B7-279A1D8FDDA6}.Release|Any CPU.ActiveCfg = Release|Any CPU
		{46A18A74-5EB4-4B85-B1B7-279A1D8FDDA6}.Release|Any CPU.Build.0 = Release|Any CPU
		{84545088-FD48-41A9-A729-CD307F60E3A0}.Debug|Any CPU.ActiveCfg = Debug|Any CPU
		{84545088-FD48-41A9-A729-CD307F60E3A0}.Debug|Any CPU.Build.0 = Debug|Any CPU
		{84545088-FD48-41A9-A729-CD307F60E3A0}.Release|Any CPU.ActiveCfg = Release|Any CPU
		{84545088-FD48-41A9-A729-CD307F60E3A0}.Release|Any CPU.Build.0 = Release|Any CPU
		{E787D9B1-DCC5-4255-9D63-546BED3E6E0E}.Debug|Any CPU.ActiveCfg = Debug|Any CPU
		{E787D9B1-DCC5-4255-9D63-546BED3E6E0E}.Debug|Any CPU.Build.0 = Debug|Any CPU
		{E787D9B1-DCC5-4255-9D63-546BED3E6E0E}.Release|Any CPU.ActiveCfg = Release|Any CPU
		{E787D9B1-DCC5-4255-9D63-546BED3E6E0E}.Release|Any CPU.Build.0 = Release|Any CPU
		{44921511-A30C-4FC7-8FE2-B7F2644E33EB}.Debug|Any CPU.ActiveCfg = Debug|Any CPU
		{44921511-A30C-4FC7-8FE2-B7F2644E33EB}.Debug|Any CPU.Build.0 = Debug|Any CPU
		{44921511-A30C-4FC7-8FE2-B7F2644E33EB}.Release|Any CPU.ActiveCfg = Release|Any CPU
		{44921511-A30C-4FC7-8FE2-B7F2644E33EB}.Release|Any CPU.Build.0 = Release|Any CPU
	EndGlobalSection
	GlobalSection(SolutionProperties) = preSolution
		HideSolutionNode = FALSE
	EndGlobalSection
	GlobalSection(NestedProjects) = preSolution
		{8385D5C0-C8D8-4242-940A-2BD071EDC5B1} = {EAB0AA24-7185-4897-A866-AE87AF3F2E0B}
		{0E2EBFD7-4398-48CE-AC1A-9DF116CE2587} = {EAB0AA24-7185-4897-A866-AE87AF3F2E0B}
		{E96FADDC-29FA-49F7-920D-4AD9F5FBD705} = {EAB0AA24-7185-4897-A866-AE87AF3F2E0B}
		{AD459A6F-2075-4728-A57B-9FC08DFF2062} = {EAB0AA24-7185-4897-A866-AE87AF3F2E0B}
		{15129613-1D63-4709-8B71-70E73BAB9C0B} = {EAB0AA24-7185-4897-A866-AE87AF3F2E0B}
		{EE49A6D2-4ADB-4FB4-9CCE-78F42EAAEFB4} = {EAB0AA24-7185-4897-A866-AE87AF3F2E0B}
		{DB171BE4-D9C3-45F1-8108-84992EF8391F} = {EAB0AA24-7185-4897-A866-AE87AF3F2E0B}
		{74E297C2-1081-4C9A-9311-EAAF4746A413} = {EAB0AA24-7185-4897-A866-AE87AF3F2E0B}
		{0F48899B-E533-423E-BAE4-FDD09A3A6698} = {EAB0AA24-7185-4897-A866-AE87AF3F2E0B}
		{46A18A74-5EB4-4B85-B1B7-279A1D8FDDA6} = {EAB0AA24-7185-4897-A866-AE87AF3F2E0B}
		{84545088-FD48-41A9-A729-CD307F60E3A0} = {EAB0AA24-7185-4897-A866-AE87AF3F2E0B}
		{E787D9B1-DCC5-4255-9D63-546BED3E6E0E} = {FF0B45E8-FBCB-4CAE-B734-241328333287}
		{44921511-A30C-4FC7-8FE2-B7F2644E33EB} = {FF0B45E8-FBCB-4CAE-B734-241328333287}
	EndGlobalSection
	GlobalSection(ExtensibilityGlobals) = postSolution
		SolutionGuid = {35ACDF4E-2CE2-46B1-A19F-35DC131069A1}
	EndGlobalSection
	GlobalSection(MonoDevelopProperties) = preSolution
		StartupItem = Myra.UIEditor\Myra.UIEditor.csproj
	EndGlobalSection
EndGlobal
